
Microsoft Visual Studio Solution File, Format Version 12.00
# Visual Studio Version 17
VisualStudioVersion = 17.7.34221.43
MinimumVisualStudioVersion = 10.0.40219.1
Project("{9A19103F-16F7-4668-BE54-9A1E7A4F7556}") = "CSharpIntro", "CSharpIntro\CSharpIntro.csproj", "{5FB575F8-FEE3-421A-A427-4CB401E647F7}"
EndProject
Project("{9A19103F-16F7-4668-BE54-9A1E7A4F7556}") = "Arrays", "Arrays\Arrays.csproj", "{2A6659D7-DD9C-4EA8-84BC-E46C966304E5}"
EndProject
Project("{9A19103F-16F7-4668-BE54-9A1E7A4F7556}") = "Loops", "Loops\Loops.csproj", "{2C3E69F8-FC59-4E66-A0F4-9447FA190FC7}"
EndProject
Project("{9A19103F-16F7-4668-BE54-9A1E7A4F7556}") = "Project1", "Project1\Project1.csproj", "{44E489B0-54EB-4511-9682-9B0F8F7C15A1}"
EndProject
Project("{9A19103F-16F7-4668-BE54-9A1E7A4F7556}") = "Lists", "Lists\Lists.csproj", "{6A1D4E9A-79AE-496E-A788-92E7921F1EAC}"
EndProject
Project("{9A19103F-16F7-4668-BE54-9A1E7A4F7556}") = "Project2", "Project2\Project2.csproj", "{9F0E1809-4D29-4FC2-93A5-609B2CF5AF8F}"
EndProject
Project("{9A19103F-16F7-4668-BE54-9A1E7A4F7556}") = "Classes", "Classes\Classes.csproj", "{7352BDF1-B17B-49A1-90BF-F3941601C9BF}"
EndProject
Project("{9A19103F-16F7-4668-BE54-9A1E7A4F7556}") = "Classes2", "Classes2\Classes2.csproj", "{C2C304A6-4DA0-4588-ACD1-D1DAF0FD1665}"
EndProject
Project("{9A19103F-16F7-4668-BE54-9A1E7A4F7556}") = "Methods", "Methods\Methods.csproj", "{7D8B9329-B545-4A62-BA1D-44594F2C0FBC}"
EndProject
Project("{9A19103F-16F7-4668-BE54-9A1E7A4F7556}") = "Project3", "Project3\Project3.csproj", "{FFFB4284-1843-4682-AFEA-D089416EC448}"
EndProject
Project("{FAE04EC0-301F-11D3-BF4B-00C04F79EFBC}") = "Project4", "Project4\Project4.csproj", "{AD5BA316-C338-4178-BAE3-A0C9ED547BFA}"
EndProject
Project("{9A19103F-16F7-4668-BE54-9A1E7A4F7556}") = "Constructors", "Constructors\Constructors.csproj", "{D10FAA6C-5687-4F28-AE14-27A4F291C329}"
EndProject
Project("{9A19103F-16F7-4668-BE54-9A1E7A4F7556}") = "Inheritance", "Inheritance\Inheritance.csproj", "{5F1BEB0F-239E-4EED-B7EA-26007ACB2D04}"
EndProject
Project("{9A19103F-16F7-4668-BE54-9A1E7A4F7556}") = "ReferanceTypes", "ReferanceTypes\ReferanceTypes.csproj", "{0D72C52D-0B45-460B-BE15-1D655FC922E6}"
EndProject
Project("{9A19103F-16F7-4668-BE54-9A1E7A4F7556}") = "Properties", "Properties\Properties.csproj", "{DE51922B-B598-4B92-AAA6-ED7740F2CC54}"
EndProject
Project("{9A19103F-16F7-4668-BE54-9A1E7A4F7556}") = "AccessModifiers", "AccessModifiers\AccessModifiers.csproj", "{A20F9A8C-719D-4527-A5E2-EB584109E4EA}"
EndProject
Project("{9A19103F-16F7-4668-BE54-9A1E7A4F7556}") = "AccessModifiersTest", "AccessModifiersTest\AccessModifiersTest.csproj", "{A8728A55-74F9-4730-B4F7-903EF340702C}"
EndProject
Project("{9A19103F-16F7-4668-BE54-9A1E7A4F7556}") = "Interfaces", "Interfaces\Interfaces.csproj", "{31F67E2B-8ECA-4A27-89B0-8874451DA785}"
EndProject
Project("{9A19103F-16F7-4668-BE54-9A1E7A4F7556}") = "Project5.DataAccess", "Project5.DataAccess\Project5.DataAccess.csproj", "{50F01345-A9E4-4107-9E3A-2D07B780CCA5}"
EndProject
Project("{9A19103F-16F7-4668-BE54-9A1E7A4F7556}") = "Project5.Business", "Project5.Business\Project5.Business.csproj", "{81742DC8-DADD-40E8-9360-016CDF410B3E}"
EndProject
Project("{9A19103F-16F7-4668-BE54-9A1E7A4F7556}") = "Project5.ConsoleUI", "Project5.ConsoleUI\Project5.ConsoleUI.csproj", "{77AD3F62-0EA9-4C06-879B-44DB5272E9A1}"
EndProject
Project("{9A19103F-16F7-4668-BE54-9A1E7A4F7556}") = "Project5.Entities", "Project5.Entities\Project5.Entities.csproj", "{73985C27-FF13-435F-8BC1-F74404223321}"
EndProject
Project("{9A19103F-16F7-4668-BE54-9A1E7A4F7556}") = "Generics", "Generics\Generics.csproj", "{1A46B254-0BFB-4C3D-9A5E-A95E60830C3F}"
EndProject
Project("{9A19103F-16F7-4668-BE54-9A1E7A4F7556}") = "ExceptionHandling", "ExceptionHandling\ExceptionHandling.csproj", "{F9E2EBDA-2E00-4CDC-B39F-EC5E6AFC2EDE}"
EndProject
Project("{9A19103F-16F7-4668-BE54-9A1E7A4F7556}") = "LinqProject", "LinqProject\LinqProject.csproj", "{F4403E8F-FA47-4261-A123-74E759E1575C}"
EndProject
Project("{9A19103F-16F7-4668-BE54-9A1E7A4F7556}") = "EntityFrameworkDemo", "EntityFrameworkDemo\EntityFrameworkDemo.csproj", "{088EB6F4-6210-4BF6-A8A5-B10C14DEDC2D}"
EndProject
Project("{FAE04EC0-301F-11D3-BF4B-00C04F79EFBC}") = "ThreadingDemo1", "ThreadingDemo1\ThreadingDemo1.csproj", "{CA32F0C1-3FF4-4558-9291-9F81267DB7AA}"
EndProject
Project("{FAE04EC0-301F-11D3-BF4B-00C04F79EFBC}") = "AsyncDemo1", "AsyncDemo1\AsyncDemo1.csproj", "{D94E96F8-65C9-4548-9CB5-D16C74138A83}"
EndProject
Project("{FAE04EC0-301F-11D3-BF4B-00C04F79EFBC}") = "Asyncdemo3", "Asyncdemo3\Asyncdemo3.csproj", "{1045BE1E-674E-4161-A7EA-6FDE0A1687EE}"
EndProject
Global
	GlobalSection(SolutionConfigurationPlatforms) = preSolution
		Debug|Any CPU = Debug|Any CPU
		Release|Any CPU = Release|Any CPU
	EndGlobalSection
	GlobalSection(ProjectConfigurationPlatforms) = postSolution
		{5FB575F8-FEE3-421A-A427-4CB401E647F7}.Debug|Any CPU.ActiveCfg = Debug|Any CPU
		{5FB575F8-FEE3-421A-A427-4CB401E647F7}.Debug|Any CPU.Build.0 = Debug|Any CPU
		{5FB575F8-FEE3-421A-A427-4CB401E647F7}.Release|Any CPU.ActiveCfg = Release|Any CPU
		{5FB575F8-FEE3-421A-A427-4CB401E647F7}.Release|Any CPU.Build.0 = Release|Any CPU
		{2A6659D7-DD9C-4EA8-84BC-E46C966304E5}.Debug|Any CPU.ActiveCfg = Debug|Any CPU
		{2A6659D7-DD9C-4EA8-84BC-E46C966304E5}.Debug|Any CPU.Build.0 = Debug|Any CPU
		{2A6659D7-DD9C-4EA8-84BC-E46C966304E5}.Release|Any CPU.ActiveCfg = Release|Any CPU
		{2A6659D7-DD9C-4EA8-84BC-E46C966304E5}.Release|Any CPU.Build.0 = Release|Any CPU
		{2C3E69F8-FC59-4E66-A0F4-9447FA190FC7}.Debug|Any CPU.ActiveCfg = Debug|Any CPU
		{2C3E69F8-FC59-4E66-A0F4-9447FA190FC7}.Debug|Any CPU.Build.0 = Debug|Any CPU
		{2C3E69F8-FC59-4E66-A0F4-9447FA190FC7}.Release|Any CPU.ActiveCfg = Release|Any CPU
		{2C3E69F8-FC59-4E66-A0F4-9447FA190FC7}.Release|Any CPU.Build.0 = Release|Any CPU
		{44E489B0-54EB-4511-9682-9B0F8F7C15A1}.Debug|Any CPU.ActiveCfg = Debug|Any CPU
		{44E489B0-54EB-4511-9682-9B0F8F7C15A1}.Debug|Any CPU.Build.0 = Debug|Any CPU
		{44E489B0-54EB-4511-9682-9B0F8F7C15A1}.Release|Any CPU.ActiveCfg = Release|Any CPU
		{44E489B0-54EB-4511-9682-9B0F8F7C15A1}.Release|Any CPU.Build.0 = Release|Any CPU
		{6A1D4E9A-79AE-496E-A788-92E7921F1EAC}.Debug|Any CPU.ActiveCfg = Debug|Any CPU
		{6A1D4E9A-79AE-496E-A788-92E7921F1EAC}.Debug|Any CPU.Build.0 = Debug|Any CPU
		{6A1D4E9A-79AE-496E-A788-92E7921F1EAC}.Release|Any CPU.ActiveCfg = Release|Any CPU
		{6A1D4E9A-79AE-496E-A788-92E7921F1EAC}.Release|Any CPU.Build.0 = Release|Any CPU
		{9F0E1809-4D29-4FC2-93A5-609B2CF5AF8F}.Debug|Any CPU.ActiveCfg = Debug|Any CPU
		{9F0E1809-4D29-4FC2-93A5-609B2CF5AF8F}.Debug|Any CPU.Build.0 = Debug|Any CPU
		{9F0E1809-4D29-4FC2-93A5-609B2CF5AF8F}.Release|Any CPU.ActiveCfg = Release|Any CPU
		{9F0E1809-4D29-4FC2-93A5-609B2CF5AF8F}.Release|Any CPU.Build.0 = Release|Any CPU
		{7352BDF1-B17B-49A1-90BF-F3941601C9BF}.Debug|Any CPU.ActiveCfg = Debug|Any CPU
		{7352BDF1-B17B-49A1-90BF-F3941601C9BF}.Debug|Any CPU.Build.0 = Debug|Any CPU
		{7352BDF1-B17B-49A1-90BF-F3941601C9BF}.Release|Any CPU.ActiveCfg = Release|Any CPU
		{7352BDF1-B17B-49A1-90BF-F3941601C9BF}.Release|Any CPU.Build.0 = Release|Any CPU
		{C2C304A6-4DA0-4588-ACD1-D1DAF0FD1665}.Debug|Any CPU.ActiveCfg = Debug|Any CPU
		{C2C304A6-4DA0-4588-ACD1-D1DAF0FD1665}.Debug|Any CPU.Build.0 = Debug|Any CPU
		{C2C304A6-4DA0-4588-ACD1-D1DAF0FD1665}.Release|Any CPU.ActiveCfg = Release|Any CPU
		{C2C304A6-4DA0-4588-ACD1-D1DAF0FD1665}.Release|Any CPU.Build.0 = Release|Any CPU
		{7D8B9329-B545-4A62-BA1D-44594F2C0FBC}.Debug|Any CPU.ActiveCfg = Debug|Any CPU
		{7D8B9329-B545-4A62-BA1D-44594F2C0FBC}.Debug|Any CPU.Build.0 = Debug|Any CPU
		{7D8B9329-B545-4A62-BA1D-44594F2C0FBC}.Release|Any CPU.ActiveCfg = Release|Any CPU
		{7D8B9329-B545-4A62-BA1D-44594F2C0FBC}.Release|Any CPU.Build.0 = Release|Any CPU
		{FFFB4284-1843-4682-AFEA-D089416EC448}.Debug|Any CPU.ActiveCfg = Debug|Any CPU
		{FFFB4284-1843-4682-AFEA-D089416EC448}.Debug|Any CPU.Build.0 = Debug|Any CPU
		{FFFB4284-1843-4682-AFEA-D089416EC448}.Release|Any CPU.ActiveCfg = Release|Any CPU
		{FFFB4284-1843-4682-AFEA-D089416EC448}.Release|Any CPU.Build.0 = Release|Any CPU
		{AD5BA316-C338-4178-BAE3-A0C9ED547BFA}.Debug|Any CPU.ActiveCfg = Debug|Any CPU
		{AD5BA316-C338-4178-BAE3-A0C9ED547BFA}.Debug|Any CPU.Build.0 = Debug|Any CPU
		{AD5BA316-C338-4178-BAE3-A0C9ED547BFA}.Release|Any CPU.ActiveCfg = Release|Any CPU
		{AD5BA316-C338-4178-BAE3-A0C9ED547BFA}.Release|Any CPU.Build.0 = Release|Any CPU
		{D10FAA6C-5687-4F28-AE14-27A4F291C329}.Debug|Any CPU.ActiveCfg = Debug|Any CPU
		{D10FAA6C-5687-4F28-AE14-27A4F291C329}.Debug|Any CPU.Build.0 = Debug|Any CPU
		{D10FAA6C-5687-4F28-AE14-27A4F291C329}.Release|Any CPU.ActiveCfg = Release|Any CPU
		{D10FAA6C-5687-4F28-AE14-27A4F291C329}.Release|Any CPU.Build.0 = Release|Any CPU
		{5F1BEB0F-239E-4EED-B7EA-26007ACB2D04}.Debug|Any CPU.ActiveCfg = Debug|Any CPU
		{5F1BEB0F-239E-4EED-B7EA-26007ACB2D04}.Debug|Any CPU.Build.0 = Debug|Any CPU
		{5F1BEB0F-239E-4EED-B7EA-26007ACB2D04}.Release|Any CPU.ActiveCfg = Release|Any CPU
		{5F1BEB0F-239E-4EED-B7EA-26007ACB2D04}.Release|Any CPU.Build.0 = Release|Any CPU
		{0D72C52D-0B45-460B-BE15-1D655FC922E6}.Debug|Any CPU.ActiveCfg = Debug|Any CPU
		{0D72C52D-0B45-460B-BE15-1D655FC922E6}.Debug|Any CPU.Build.0 = Debug|Any CPU
		{0D72C52D-0B45-460B-BE15-1D655FC922E6}.Release|Any CPU.ActiveCfg = Release|Any CPU
		{0D72C52D-0B45-460B-BE15-1D655FC922E6}.Release|Any CPU.Build.0 = Release|Any CPU
		{DE51922B-B598-4B92-AAA6-ED7740F2CC54}.Debug|Any CPU.ActiveCfg = Debug|Any CPU
		{DE51922B-B598-4B92-AAA6-ED7740F2CC54}.Debug|Any CPU.Build.0 = Debug|Any CPU
		{DE51922B-B598-4B92-AAA6-ED7740F2CC54}.Release|Any CPU.ActiveCfg = Release|Any CPU
		{DE51922B-B598-4B92-AAA6-ED7740F2CC54}.Release|Any CPU.Build.0 = Release|Any CPU
		{A20F9A8C-719D-4527-A5E2-EB584109E4EA}.Debug|Any CPU.ActiveCfg = Debug|Any CPU
		{A20F9A8C-719D-4527-A5E2-EB584109E4EA}.Debug|Any CPU.Build.0 = Debug|Any CPU
		{A20F9A8C-719D-4527-A5E2-EB584109E4EA}.Release|Any CPU.ActiveCfg = Release|Any CPU
		{A20F9A8C-719D-4527-A5E2-EB584109E4EA}.Release|Any CPU.Build.0 = Release|Any CPU
		{A8728A55-74F9-4730-B4F7-903EF340702C}.Debug|Any CPU.ActiveCfg = Debug|Any CPU
		{A8728A55-74F9-4730-B4F7-903EF340702C}.Debug|Any CPU.Build.0 = Debug|Any CPU
		{A8728A55-74F9-4730-B4F7-903EF340702C}.Release|Any CPU.ActiveCfg = Release|Any CPU
		{A8728A55-74F9-4730-B4F7-903EF340702C}.Release|Any CPU.Build.0 = Release|Any CPU
		{31F67E2B-8ECA-4A27-89B0-8874451DA785}.Debug|Any CPU.ActiveCfg = Debug|Any CPU
		{31F67E2B-8ECA-4A27-89B0-8874451DA785}.Debug|Any CPU.Build.0 = Debug|Any CPU
		{31F67E2B-8ECA-4A27-89B0-8874451DA785}.Release|Any CPU.ActiveCfg = Release|Any CPU
		{31F67E2B-8ECA-4A27-89B0-8874451DA785}.Release|Any CPU.Build.0 = Release|Any CPU
		{50F01345-A9E4-4107-9E3A-2D07B780CCA5}.Debug|Any CPU.ActiveCfg = Debug|Any CPU
		{50F01345-A9E4-4107-9E3A-2D07B780CCA5}.Debug|Any CPU.Build.0 = Debug|Any CPU
		{50F01345-A9E4-4107-9E3A-2D07B780CCA5}.Release|Any CPU.ActiveCfg = Release|Any CPU
		{50F01345-A9E4-4107-9E3A-2D07B780CCA5}.Release|Any CPU.Build.0 = Release|Any CPU
		{81742DC8-DADD-40E8-9360-016CDF410B3E}.Debug|Any CPU.ActiveCfg = Debug|Any CPU
		{81742DC8-DADD-40E8-9360-016CDF410B3E}.Debug|Any CPU.Build.0 = Debug|Any CPU
		{81742DC8-DADD-40E8-9360-016CDF410B3E}.Release|Any CPU.ActiveCfg = Release|Any CPU
		{81742DC8-DADD-40E8-9360-016CDF410B3E}.Release|Any CPU.Build.0 = Release|Any CPU
		{77AD3F62-0EA9-4C06-879B-44DB5272E9A1}.Debug|Any CPU.ActiveCfg = Debug|Any CPU
		{77AD3F62-0EA9-4C06-879B-44DB5272E9A1}.Debug|Any CPU.Build.0 = Debug|Any CPU
		{77AD3F62-0EA9-4C06-879B-44DB5272E9A1}.Release|Any CPU.ActiveCfg = Release|Any CPU
		{77AD3F62-0EA9-4C06-879B-44DB5272E9A1}.Release|Any CPU.Build.0 = Release|Any CPU
		{73985C27-FF13-435F-8BC1-F74404223321}.Debug|Any CPU.ActiveCfg = Debug|Any CPU
		{73985C27-FF13-435F-8BC1-F74404223321}.Debug|Any CPU.Build.0 = Debug|Any CPU
		{73985C27-FF13-435F-8BC1-F74404223321}.Release|Any CPU.ActiveCfg = Release|Any CPU
		{73985C27-FF13-435F-8BC1-F74404223321}.Release|Any CPU.Build.0 = Release|Any CPU
		{1A46B254-0BFB-4C3D-9A5E-A95E60830C3F}.Debug|Any CPU.ActiveCfg = Debug|Any CPU
		{1A46B254-0BFB-4C3D-9A5E-A95E60830C3F}.Debug|Any CPU.Build.0 = Debug|Any CPU
		{1A46B254-0BFB-4C3D-9A5E-A95E60830C3F}.Release|Any CPU.ActiveCfg = Release|Any CPU
		{1A46B254-0BFB-4C3D-9A5E-A95E60830C3F}.Release|Any CPU.Build.0 = Release|Any CPU
		{F9E2EBDA-2E00-4CDC-B39F-EC5E6AFC2EDE}.Debug|Any CPU.ActiveCfg = Debug|Any CPU
		{F9E2EBDA-2E00-4CDC-B39F-EC5E6AFC2EDE}.Debug|Any CPU.Build.0 = Debug|Any CPU
		{F9E2EBDA-2E00-4CDC-B39F-EC5E6AFC2EDE}.Release|Any CPU.ActiveCfg = Release|Any CPU
		{F9E2EBDA-2E00-4CDC-B39F-EC5E6AFC2EDE}.Release|Any CPU.Build.0 = Release|Any CPU
		{F4403E8F-FA47-4261-A123-74E759E1575C}.Debug|Any CPU.ActiveCfg = Debug|Any CPU
		{F4403E8F-FA47-4261-A123-74E759E1575C}.Debug|Any CPU.Build.0 = Debug|Any CPU
		{F4403E8F-FA47-4261-A123-74E759E1575C}.Release|Any CPU.ActiveCfg = Release|Any CPU
		{F4403E8F-FA47-4261-A123-74E759E1575C}.Release|Any CPU.Build.0 = Release|Any CPU
		{088EB6F4-6210-4BF6-A8A5-B10C14DEDC2D}.Debug|Any CPU.ActiveCfg = Debug|Any CPU
		{088EB6F4-6210-4BF6-A8A5-B10C14DEDC2D}.Debug|Any CPU.Build.0 = Debug|Any CPU
		{088EB6F4-6210-4BF6-A8A5-B10C14DEDC2D}.Release|Any CPU.ActiveCfg = Release|Any CPU
		{088EB6F4-6210-4BF6-A8A5-B10C14DEDC2D}.Release|Any CPU.Build.0 = Release|Any CPU
		{CA32F0C1-3FF4-4558-9291-9F81267DB7AA}.Debug|Any CPU.ActiveCfg = Debug|Any CPU
		{CA32F0C1-3FF4-4558-9291-9F81267DB7AA}.Debug|Any CPU.Build.0 = Debug|Any CPU
		{CA32F0C1-3FF4-4558-9291-9F81267DB7AA}.Release|Any CPU.ActiveCfg = Release|Any CPU
		{CA32F0C1-3FF4-4558-9291-9F81267DB7AA}.Release|Any CPU.Build.0 = Release|Any CPU
		{D94E96F8-65C9-4548-9CB5-D16C74138A83}.Debug|Any CPU.ActiveCfg = Debug|Any CPU
		{D94E96F8-65C9-4548-9CB5-D16C74138A83}.Debug|Any CPU.Build.0 = Debug|Any CPU
		{D94E96F8-65C9-4548-9CB5-D16C74138A83}.Release|Any CPU.ActiveCfg = Release|Any CPU
		{D94E96F8-65C9-4548-9CB5-D16C74138A83}.Release|Any CPU.Build.0 = Release|Any CPU
		{1045BE1E-674E-4161-A7EA-6FDE0A1687EE}.Debug|Any CPU.ActiveCfg = Debug|Any CPU
		{1045BE1E-674E-4161-A7EA-6FDE0A1687EE}.Debug|Any CPU.Build.0 = Debug|Any CPU
		{1045BE1E-674E-4161-A7EA-6FDE0A1687EE}.Release|Any CPU.ActiveCfg = Release|Any CPU
		{1045BE1E-674E-4161-A7EA-6FDE0A1687EE}.Release|Any CPU.Build.0 = Release|Any CPU
	EndGlobalSection
	GlobalSection(SolutionProperties) = preSolution
		HideSolutionNode = FALSE
	EndGlobalSection
	GlobalSection(ExtensibilityGlobals) = postSolution
		SolutionGuid = {318E50BB-1AFB-46A2-AC2E-AA21A3F29C56}
	EndGlobalSection
EndGlobal
